// !$*UTF8*$!
{
	archiveVersion = 1;
	classes = {
	};
	objectVersion = 56;
	objects = {

/* Begin PBXBuildFile section */
		8082110F2A21056F005DA586 /* AppDelegate.swift in Sources */ = {isa = PBXBuildFile; fileRef = 8082110E2A21056F005DA586 /* AppDelegate.swift */; };
		808211112A21056F005DA586 /* SceneDelegate.swift in Sources */ = {isa = PBXBuildFile; fileRef = 808211102A21056F005DA586 /* SceneDelegate.swift */; };
		808211132A21056F005DA586 /* ViewController.swift in Sources */ = {isa = PBXBuildFile; fileRef = 808211122A21056F005DA586 /* ViewController.swift */; };
		808211162A21056F005DA586 /* Main.storyboard in Resources */ = {isa = PBXBuildFile; fileRef = 808211142A21056F005DA586 /* Main.storyboard */; };
		808211182A210570005DA586 /* Assets.xcassets in Resources */ = {isa = PBXBuildFile; fileRef = 808211172A210570005DA586 /* Assets.xcassets */; };
		8082111B2A210570005DA586 /* LaunchScreen.storyboard in Resources */ = {isa = PBXBuildFile; fileRef = 808211192A210570005DA586 /* LaunchScreen.storyboard */; };
		80D7C1452A21FB6F0021575E /* CollectionViewCell.swift in Sources */ = {isa = PBXBuildFile; fileRef = 80D7C1442A21FB6F0021575E /* CollectionViewCell.swift */; };
		80E86B542A227F9800F71F3B /* TableViewCell.swift in Sources */ = {isa = PBXBuildFile; fileRef = 80E86B532A227F9800F71F3B /* TableViewCell.swift */; };
		80E86B562A232BBA00F71F3B /* Place.swift in Sources */ = {isa = PBXBuildFile; fileRef = 80E86B552A232BBA00F71F3B /* Place.swift */; };
		80F320322A25239E00400E85 /* DetailTableViewCell.swift in Sources */ = {isa = PBXBuildFile; fileRef = 80F320312A25239E00400E85 /* DetailTableViewCell.swift */; };
		80F320342A252E0700400E85 /* DetailViewController.swift in Sources */ = {isa = PBXBuildFile; fileRef = 80F320332A252E0700400E85 /* DetailViewController.swift */; };
/* End PBXBuildFile section */

/* Begin PBXFileReference section */
		8082110B2A21056F005DA586 /* SSUPACE.app */ = {isa = PBXFileReference; explicitFileType = wrapper.application; includeInIndex = 0; path = SSUPACE.app; sourceTree = BUILT_PRODUCTS_DIR; };
		8082110E2A21056F005DA586 /* AppDelegate.swift */ = {isa = PBXFileReference; lastKnownFileType = sourcecode.swift; path = AppDelegate.swift; sourceTree = "<group>"; };
		808211102A21056F005DA586 /* SceneDelegate.swift */ = {isa = PBXFileReference; lastKnownFileType = sourcecode.swift; path = SceneDelegate.swift; sourceTree = "<group>"; };
		808211122A21056F005DA586 /* ViewController.swift */ = {isa = PBXFileReference; lastKnownFileType = sourcecode.swift; path = ViewController.swift; sourceTree = "<group>"; };
		808211152A21056F005DA586 /* Base */ = {isa = PBXFileReference; lastKnownFileType = file.storyboard; name = Base; path = Base.lproj/Main.storyboard; sourceTree = "<group>"; };
		808211172A210570005DA586 /* Assets.xcassets */ = {isa = PBXFileReference; lastKnownFileType = folder.assetcatalog; path = Assets.xcassets; sourceTree = "<group>"; };
		8082111A2A210570005DA586 /* Base */ = {isa = PBXFileReference; lastKnownFileType = file.storyboard; name = Base; path = Base.lproj/LaunchScreen.storyboard; sourceTree = "<group>"; };
		8082111C2A210570005DA586 /* Info.plist */ = {isa = PBXFileReference; lastKnownFileType = text.plist.xml; path = Info.plist; sourceTree = "<group>"; };
		80D7C1442A21FB6F0021575E /* CollectionViewCell.swift */ = {isa = PBXFileReference; lastKnownFileType = sourcecode.swift; path = CollectionViewCell.swift; sourceTree = "<group>"; };
		80E86B532A227F9800F71F3B /* TableViewCell.swift */ = {isa = PBXFileReference; lastKnownFileType = sourcecode.swift; path = TableViewCell.swift; sourceTree = "<group>"; };
		80E86B552A232BBA00F71F3B /* Place.swift */ = {isa = PBXFileReference; lastKnownFileType = sourcecode.swift; path = Place.swift; sourceTree = "<group>"; };
		80F320312A25239E00400E85 /* DetailTableViewCell.swift */ = {isa = PBXFileReference; lastKnownFileType = sourcecode.swift; path = DetailTableViewCell.swift; sourceTree = "<group>"; };
		80F320332A252E0700400E85 /* DetailViewController.swift */ = {isa = PBXFileReference; lastKnownFileType = sourcecode.swift; path = DetailViewController.swift; sourceTree = "<group>"; };
/* End PBXFileReference section */

/* Begin PBXFrameworksBuildPhase section */
		808211082A21056F005DA586 /* Frameworks */ = {
			isa = PBXFrameworksBuildPhase;
			buildActionMask = 2147483647;
			files = (
			);
			runOnlyForDeploymentPostprocessing = 0;
		};
/* End PBXFrameworksBuildPhase section */

/* Begin PBXGroup section */
		808211022A21056F005DA586 = {
			isa = PBXGroup;
			children = (
				8082110D2A21056F005DA586 /* SSUPACE */,
				8082110C2A21056F005DA586 /* Products */,
			);
			sourceTree = "<group>";
		};
		8082110C2A21056F005DA586 /* Products */ = {
			isa = PBXGroup;
			children = (
				8082110B2A21056F005DA586 /* SSUPACE.app */,
			);
			name = Products;
			sourceTree = "<group>";
		};
		8082110D2A21056F005DA586 /* SSUPACE */ = {
			isa = PBXGroup;
			children = (
				8082110E2A21056F005DA586 /* AppDelegate.swift */,
				808211102A21056F005DA586 /* SceneDelegate.swift */,
				808211122A21056F005DA586 /* ViewController.swift */,
				80E86B552A232BBA00F71F3B /* Place.swift */,
				808211142A21056F005DA586 /* Main.storyboard */,
				80F320332A252E0700400E85 /* DetailViewController.swift */,
				80F320312A25239E00400E85 /* DetailTableViewCell.swift */,
				80E86B532A227F9800F71F3B /* TableViewCell.swift */,
				80D7C1442A21FB6F0021575E /* CollectionViewCell.swift */,
				808211172A210570005DA586 /* Assets.xcassets */,
				808211192A210570005DA586 /* LaunchScreen.storyboard */,
				8082111C2A210570005DA586 /* Info.plist */,
			);
			path = SSUPACE;
			sourceTree = "<group>";
		};
/* End PBXGroup section */

/* Begin PBXNativeTarget section */
		8082110A2A21056F005DA586 /* SSUPACE */ = {
			isa = PBXNativeTarget;
			buildConfigurationList = 8082111F2A210570005DA586 /* Build configuration list for PBXNativeTarget "SSUPACE" */;
			buildPhases = (
				808211072A21056F005DA586 /* Sources */,
				808211082A21056F005DA586 /* Frameworks */,
				808211092A21056F005DA586 /* Resources */,
			);
			buildRules = (
			);
			dependencies = (
			);
			name = SSUPACE;
			productName = SSUPACE;
			productReference = 8082110B2A21056F005DA586 /* SSUPACE.app */;
			productType = "com.apple.product-type.application";
		};
/* End PBXNativeTarget section */

/* Begin PBXProject section */
		808211032A21056F005DA586 /* Project object */ = {
			isa = PBXProject;
			attributes = {
				BuildIndependentTargetsInParallel = 1;
				LastSwiftUpdateCheck = 1420;
				LastUpgradeCheck = 1420;
				TargetAttributes = {
					8082110A2A21056F005DA586 = {
						CreatedOnToolsVersion = 14.2;
					};
				};
			};
			buildConfigurationList = 808211062A21056F005DA586 /* Build configuration list for PBXProject "SSUPACE" */;
			compatibilityVersion = "Xcode 14.0";
			developmentRegion = en;
			hasScannedForEncodings = 0;
			knownRegions = (
				en,
				Base,
			);
			mainGroup = 808211022A21056F005DA586;
			productRefGroup = 8082110C2A21056F005DA586 /* Products */;
			projectDirPath = "";
			projectRoot = "";
			targets = (
				8082110A2A21056F005DA586 /* SSUPACE */,
			);
		};
/* End PBXProject section */

/* Begin PBXResourcesBuildPhase section */
		808211092A21056F005DA586 /* Resources */ = {
			isa = PBXResourcesBuildPhase;
			buildActionMask = 2147483647;
			files = (
				8082111B2A210570005DA586 /* LaunchScreen.storyboard in Resources */,
				808211182A210570005DA586 /* Assets.xcassets in Resources */,
				808211162A21056F005DA586 /* Main.storyboard in Resources */,
			);
			runOnlyForDeploymentPostprocessing = 0;
		};
/* End PBXResourcesBuildPhase section */

/* Begin PBXSourcesBuildPhase section */
		808211072A21056F005DA586 /* Sources */ = {
			isa = PBXSourcesBuildPhase;
			buildActionMask = 2147483647;
			files = (
				80E86B542A227F9800F71F3B /* TableViewCell.swift in Sources */,
				80E86B562A232BBA00F71F3B /* Place.swift in Sources */,
				80F320322A25239E00400E85 /* DetailTableViewCell.swift in Sources */,
				808211132A21056F005DA586 /* ViewController.swift in Sources */,
				8082110F2A21056F005DA586 /* AppDelegate.swift in Sources */,
				80D7C1452A21FB6F0021575E /* CollectionViewCell.swift in Sources */,
				808211112A21056F005DA586 /* SceneDelegate.swift in Sources */,
				80F320342A252E0700400E85 /* DetailViewController.swift in Sources */,
			);
			runOnlyForDeploymentPostprocessing = 0;
		};
/* End PBXSourcesBuildPhase section */

/* Begin PBXVariantGroup section */
		808211142A21056F005DA586 /* Main.storyboard */ = {
			isa = PBXVariantGroup;
			children = (
				808211152A21056F005DA586 /* Base */,
			);
			name = Main.storyboard;
			sourceTree = "<group>";
		};
		808211192A210570005DA586 /* LaunchScreen.storyboard */ = {
			isa = PBXVariantGroup;
			children = (
				8082111A2A210570005DA586 /* Base */,
			);
			name = LaunchScreen.storyboard;
			sourceTree = "<group>";
		};
/* End PBXVariantGroup section */

/* Begin XCBuildConfiguration section */
		8082111D2A210570005DA586 /* Debug */ = {
			isa = XCBuildConfiguration;
			buildSettings = {
				ALWAYS_SEARCH_USER_PATHS = NO;
				CLANG_ANALYZER_NONNULL = YES;
				CLANG_ANALYZER_NUMBER_OBJECT_CONVERSION = YES_AGGRESSIVE;
				CLANG_CXX_LANGUAGE_STANDARD = "gnu++20";
				CLANG_ENABLE_MODULES = YES;
				CLANG_ENABLE_OBJC_ARC = YES;
				CLANG_ENABLE_OBJC_WEAK = YES;
				CLANG_WARN_BLOCK_CAPTURE_AUTORELEASING = YES;
				CLANG_WARN_BOOL_CONVERSION = YES;
				CLANG_WARN_COMMA = YES;
				CLANG_WARN_CONSTANT_CONVERSION = YES;
				CLANG_WARN_DEPRECATED_OBJC_IMPLEMENTATIONS = YES;
				CLANG_WARN_DIRECT_OBJC_ISA_USAGE = YES_ERROR;
				CLANG_WARN_DOCUMENTATION_COMMENTS = YES;
				CLANG_WARN_EMPTY_BODY = YES;
				CLANG_WARN_ENUM_CONVERSION = YES;
				CLANG_WARN_INFINITE_RECURSION = YES;
				CLANG_WARN_INT_CONVERSION = YES;
				CLANG_WARN_NON_LITERAL_NULL_CONVERSION = YES;
				CLANG_WARN_OBJC_IMPLICIT_RETAIN_SELF = YES;
				CLANG_WARN_OBJC_LITERAL_CONVERSION = YES;
				CLANG_WARN_OBJC_ROOT_CLASS = YES_ERROR;
				CLANG_WARN_QUOTED_INCLUDE_IN_FRAMEWORK_HEADER = YES;
				CLANG_WARN_RANGE_LOOP_ANALYSIS = YES;
				CLANG_WARN_STRICT_PROTOTYPES = YES;
				CLANG_WARN_SUSPICIOUS_MOVE = YES;
				CLANG_WARN_UNGUARDED_AVAILABILITY = YES_AGGRESSIVE;
				CLANG_WARN_UNREACHABLE_CODE = YES;
				CLANG_WARN__DUPLICATE_METHOD_MATCH = YES;
				COPY_PHASE_STRIP = NO;
				DEBUG_INFORMATION_FORMAT = dwarf;
				ENABLE_STRICT_OBJC_MSGSEND = YES;
				ENABLE_TESTABILITY = YES;
				GCC_C_LANGUAGE_STANDARD = gnu11;
				GCC_DYNAMIC_NO_PIC = NO;
				GCC_NO_COMMON_BLOCKS = YES;
				GCC_OPTIMIZATION_LEVEL = 0;
				GCC_PREPROCESSOR_DEFINITIONS = (
					"DEBUG=1",
					"$(inherited)",
				);
				GCC_WARN_64_TO_32_BIT_CONVERSION = YES;
				GCC_WARN_ABOUT_RETURN_TYPE = YES_ERROR;
				GCC_WARN_UNDECLARED_SELECTOR = YES;
				GCC_WARN_UNINITIALIZED_AUTOS = YES_AGGRESSIVE;
				GCC_WARN_UNUSED_FUNCTION = YES;
				GCC_WARN_UNUSED_VARIABLE = YES;
				IPHONEOS_DEPLOYMENT_TARGET = 16.2;
				MTL_ENABLE_DEBUG_INFO = INCLUDE_SOURCE;
				MTL_FAST_MATH = YES;
				ONLY_ACTIVE_ARCH = YES;
				SDKROOT = iphoneos;
				SWIFT_ACTIVE_COMPILATION_CONDITIONS = DEBUG;
				SWIFT_OPTIMIZATION_LEVEL = "-Onone";
			};
			name = Debug;
		};
		8082111E2A210570005DA586 /* Release */ = {
			isa = XCBuildConfiguration;
			buildSettings = {
				ALWAYS_SEARCH_USER_PATHS = NO;
				CLANG_ANALYZER_NONNULL = YES;
				CLANG_ANALYZER_NUMBER_OBJECT_CONVERSION = YES_AGGRESSIVE;
				CLANG_CXX_LANGUAGE_STANDARD = "gnu++20";
				CLANG_ENABLE_MODULES = YES;
				CLANG_ENABLE_OBJC_ARC = YES;
				CLANG_ENABLE_OBJC_WEAK = YES;
				CLANG_WARN_BLOCK_CAPTURE_AUTORELEASING = YES;
				CLANG_WARN_BOOL_CONVERSION = YES;
				CLANG_WARN_COMMA = YES;
				CLANG_WARN_CONSTANT_CONVERSION = YES;
				CLANG_WARN_DEPRECATED_OBJC_IMPLEMENTATIONS = YES;
				CLANG_WARN_DIRECT_OBJC_ISA_USAGE = YES_ERROR;
				CLANG_WARN_DOCUMENTATION_COMMENTS = YES;
				CLANG_WARN_EMPTY_BODY = YES;
				CLANG_WARN_ENUM_CONVERSION = YES;
				CLANG_WARN_INFINITE_RECURSION = YES;
				CLANG_WARN_INT_CONVERSION = YES;
				CLANG_WARN_NON_LITERAL_NULL_CONVERSION = YES;
				CLANG_WARN_OBJC_IMPLICIT_RETAIN_SELF = YES;
				CLANG_WARN_OBJC_LITERAL_CONVERSION = YES;
				CLANG_WARN_OBJC_ROOT_CLASS = YES_ERROR;
				CLANG_WARN_QUOTED_INCLUDE_IN_FRAMEWORK_HEADER = YES;
				CLANG_WARN_RANGE_LOOP_ANALYSIS = YES;
				CLANG_WARN_STRICT_PROTOTYPES = YES;
				CLANG_WARN_SUSPICIOUS_MOVE = YES;
				CLANG_WARN_UNGUARDED_AVAILABILITY = YES_AGGRESSIVE;
				CLANG_WARN_UNREACHABLE_CODE = YES;
				CLANG_WARN__DUPLICATE_METHOD_MATCH = YES;
				COPY_PHASE_STRIP = NO;
				DEBUG_INFORMATION_FORMAT = "dwarf-with-dsym";
				ENABLE_NS_ASSERTIONS = NO;
				ENABLE_STRICT_OBJC_MSGSEND = YES;
				GCC_C_LANGUAGE_STANDARD = gnu11;
				GCC_NO_COMMON_BLOCKS = YES;
				GCC_WARN_64_TO_32_BIT_CONVERSION = YES;
				GCC_WARN_ABOUT_RETURN_TYPE = YES_ERROR;
				GCC_WARN_UNDECLARED_SELECTOR = YES;
				GCC_WARN_UNINITIALIZED_AUTOS = YES_AGGRESSIVE;
				GCC_WARN_UNUSED_FUNCTION = YES;
				GCC_WARN_UNUSED_VARIABLE = YES;
				IPHONEOS_DEPLOYMENT_TARGET = 16.2;
				MTL_ENABLE_DEBUG_INFO = NO;
				MTL_FAST_MATH = YES;
				SDKROOT = iphoneos;
				SWIFT_COMPILATION_MODE = wholemodule;
				SWIFT_OPTIMIZATION_LEVEL = "-O";
				VALIDATE_PRODUCT = YES;
			};
			name = Release;
		};
		808211202A210570005DA586 /* Debug */ = {
			isa = XCBuildConfiguration;
			buildSettings = {
				ASSETCATALOG_COMPILER_APPICON_NAME = AppIcon;
				ASSETCATALOG_COMPILER_GLOBAL_ACCENT_COLOR_NAME = AccentColor;
				CODE_SIGN_STYLE = Automatic;
				CURRENT_PROJECT_VERSION = 1;
				GENERATE_INFOPLIST_FILE = YES;
				INFOPLIST_FILE = SSUPACE/Info.plist;
				INFOPLIST_KEY_UIApplicationSupportsIndirectInputEvents = YES;
				INFOPLIST_KEY_UILaunchStoryboardName = LaunchScreen;
				INFOPLIST_KEY_UIMainStoryboardFile = Main;
				INFOPLIST_KEY_UISupportedInterfaceOrientations_iPad = "UIInterfaceOrientationPortrait UIInterfaceOrientationPortraitUpsideDown UIInterfaceOrientationLandscapeLeft UIInterfaceOrientationLandscapeRight";
				INFOPLIST_KEY_UISupportedInterfaceOrientations_iPhone = "UIInterfaceOrientationPortrait UIInterfaceOrientationLandscapeLeft UIInterfaceOrientationLandscapeRight";
				LD_RUNPATH_SEARCH_PATHS = (
					"$(inherited)",
					"@executable_path/Frameworks",
				);
				MARKETING_VERSION = 1.0;
				PRODUCT_BUNDLE_IDENTIFIER = soomin.SSUPACE;
				PRODUCT_NAME = "$(TARGET_NAME)";
				SWIFT_EMIT_LOC_STRINGS = YES;
				SWIFT_VERSION = 5.0;
				TARGETED_DEVICE_FAMILY = "1,2";
			};
			name = Debug;
		};
		808211212A210570005DA586 /* Release */ = {
			isa = XCBuildConfiguration;
			buildSettings = {
				ASSETCATALOG_COMPILER_APPICON_NAME = AppIcon;
				ASSETCATALOG_COMPILER_GLOBAL_ACCENT_COLOR_NAME = AccentColor;
				CODE_SIGN_STYLE = Automatic;
				CURRENT_PROJECT_VERSION = 1;
				GENERATE_INFOPLIST_FILE = YES;
				INFOPLIST_FILE = SSUPACE/Info.plist;
				INFOPLIST_KEY_UIApplicationSupportsIndirectInputEvents = YES;
				INFOPLIST_KEY_UILaunchStoryboardName = LaunchScreen;
				INFOPLIST_KEY_UIMainStoryboardFile = Main;
				INFOPLIST_KEY_UISupportedInterfaceOrientations_iPad = "UIInterfaceOrientationPortrait UIInterfaceOrientationPortraitUpsideDown UIInterfaceOrientationLandscapeLeft UIInterfaceOrientationLandscapeRight";
				INFOPLIST_KEY_UISupportedInterfaceOrientations_iPhone = "UIInterfaceOrientationPortrait UIInterfaceOrientationLandscapeLeft UIInterfaceOrientationLandscapeRight";
				LD_RUNPATH_SEARCH_PATHS = (
					"$(inherited)",
					"@executable_path/Frameworks",
				);
				MARKETING_VERSION = 1.0;
				PRODUCT_BUNDLE_IDENTIFIER = soomin.SSUPACE;
				PRODUCT_NAME = "$(TARGET_NAME)";
				SWIFT_EMIT_LOC_STRINGS = YES;
				SWIFT_VERSION = 5.0;
				TARGETED_DEVICE_FAMILY = "1,2";
			};
			name = Release;
		};
/* End XCBuildConfiguration section */

/* Begin XCConfigurationList section */
		808211062A21056F005DA586 /* Build configuration list for PBXProject "SSUPACE" */ = {
			isa = XCConfigurationList;
			buildConfigurations = (
				8082111D2A210570005DA586 /* Debug */,
				8082111E2A210570005DA586 /* Release */,
			);
			defaultConfigurationIsVisible = 0;
			defaultConfigurationName = Release;
		};
		8082111F2A210570005DA586 /* Build configuration list for PBXNativeTarget "SSUPACE" */ = {
			isa = XCConfigurationList;
			buildConfigurations = (
				808211202A210570005DA586 /* Debug */,
				808211212A210570005DA586 /* Release */,
			);
			defaultConfigurationIsVisible = 0;
			defaultConfigurationName = Release;
		};
/* End XCConfigurationList section */
	};
	rootObject = 808211032A21056F005DA586 /* Project object */;
}
